
Microsoft Visual Studio Solution File, Format Version 12.00
# Visual Studio 15
VisualStudioVersion = 15.0.28307.852
MinimumVisualStudioVersion = 10.0.40219.1
Project("{FAE04EC0-301F-11D3-BF4B-00C04F79EFBC}") = "Built-IT", "Built-IT\Built-IT.csproj", "{4532432C-6501-4B8E-9E6A-D068C1F218FB}"
EndProject
Global
	GlobalSection(SolutionConfigurationPlatforms) = preSolution
		Debug|Any CPU = Debug|Any CPU
		Release|Any CPU = Release|Any CPU
	EndGlobalSection
	GlobalSection(ProjectConfigurationPlatforms) = postSolution
		{4532432C-6501-4B8E-9E6A-D068C1F218FB}.Debug|Any CPU.ActiveCfg = Debug|Any CPU
		{4532432C-6501-4B8E-9E6A-D068C1F218FB}.Debug|Any CPU.Build.0 = Debug|Any CPU
		{4532432C-6501-4B8E-9E6A-D068C1F218FB}.Release|Any CPU.ActiveCfg = Release|Any CPU
		{4532432C-6501-4B8E-9E6A-D068C1F218FB}.Release|Any CPU.Build.0 = Release|Any CPU
	EndGlobalSection
	GlobalSection(SolutionProperties) = preSolution
		HideSolutionNode = FALSE
	EndGlobalSection
	GlobalSection(ExtensibilityGlobals) = postSolution
		SolutionGuid = {0D82CDC8-9105-4D61-9BE7-217B0210A35B}
	EndGlobalSection
EndGlobal
