
Microsoft Visual Studio Solution File, Format Version 12.00
# Visual Studio 15
VisualStudioVersion = 15.0.28307.852
MinimumVisualStudioVersion = 10.0.40219.1
Project("{9A19103F-16F7-4668-BE54-9A1E7A4F7556}") = "Character Builder", "Build-IT Character Builder\Character Builder.csproj", "{50B14E3B-D65F-47E1-9B29-854A37753E6C}"
EndProject
Global
	GlobalSection(SolutionConfigurationPlatforms) = preSolution
		Debug|Any CPU = Debug|Any CPU
		Release|Any CPU = Release|Any CPU
	EndGlobalSection
	GlobalSection(ProjectConfigurationPlatforms) = postSolution
		{50B14E3B-D65F-47E1-9B29-854A37753E6C}.Debug|Any CPU.ActiveCfg = Debug|Any CPU
		{50B14E3B-D65F-47E1-9B29-854A37753E6C}.Debug|Any CPU.Build.0 = Debug|Any CPU
		{50B14E3B-D65F-47E1-9B29-854A37753E6C}.Release|Any CPU.ActiveCfg = Release|Any CPU
		{50B14E3B-D65F-47E1-9B29-854A37753E6C}.Release|Any CPU.Build.0 = Release|Any CPU
	EndGlobalSection
	GlobalSection(SolutionProperties) = preSolution
		HideSolutionNode = FALSE
	EndGlobalSection
	GlobalSection(ExtensibilityGlobals) = postSolution
		SolutionGuid = {4ED86998-235C-44DB-8E3E-EF6EDBE27EEC}
	EndGlobalSection
EndGlobal
